// !$*UTF8*$!
{
	archiveVersion = 1;
	classes = {
	};
	objectVersion = 56;
	objects = {

/* Begin PBXBuildFile section */
		187EB21E295AA4CA009752AB /* AppDelegate.swift in Sources */ = {isa = PBXBuildFile; fileRef = 187EB21D295AA4CA009752AB /* AppDelegate.swift */; };
		187EB220295AA4CA009752AB /* SceneDelegate.swift in Sources */ = {isa = PBXBuildFile; fileRef = 187EB21F295AA4CA009752AB /* SceneDelegate.swift */; };
		187EB222295AA4CA009752AB /* ViewController.swift in Sources */ = {isa = PBXBuildFile; fileRef = 187EB221295AA4CA009752AB /* ViewController.swift */; };
		187EB225295AA4CA009752AB /* Main.storyboard in Resources */ = {isa = PBXBuildFile; fileRef = 187EB223295AA4CA009752AB /* Main.storyboard */; };
		187EB228295AA4CA009752AB /* SnapShare.xcdatamodeld in Sources */ = {isa = PBXBuildFile; fileRef = 187EB226295AA4CA009752AB /* SnapShare.xcdatamodeld */; };
		187EB22A295AA4CC009752AB /* Assets.xcassets in Resources */ = {isa = PBXBuildFile; fileRef = 187EB229295AA4CC009752AB /* Assets.xcassets */; };
		187EB22D295AA4CC009752AB /* LaunchScreen.storyboard in Resources */ = {isa = PBXBuildFile; fileRef = 187EB22B295AA4CC009752AB /* LaunchScreen.storyboard */; };
		187EB238295AA4CD009752AB /* SnapShareTests.swift in Sources */ = {isa = PBXBuildFile; fileRef = 187EB237295AA4CD009752AB /* SnapShareTests.swift */; };
		187EB242295AA4CD009752AB /* SnapShareUITests.swift in Sources */ = {isa = PBXBuildFile; fileRef = 187EB241295AA4CD009752AB /* SnapShareUITests.swift */; };
		187EB244295AA4CD009752AB /* SnapShareUITestsLaunchTests.swift in Sources */ = {isa = PBXBuildFile; fileRef = 187EB243295AA4CD009752AB /* SnapShareUITestsLaunchTests.swift */; };
/* End PBXBuildFile section */

/* Begin PBXContainerItemProxy section */
		187EB234295AA4CD009752AB /* PBXContainerItemProxy */ = {
			isa = PBXContainerItemProxy;
			containerPortal = 187EB212295AA4CA009752AB /* Project object */;
			proxyType = 1;
			remoteGlobalIDString = 187EB219295AA4CA009752AB;
			remoteInfo = SnapShare;
		};
		187EB23E295AA4CD009752AB /* PBXContainerItemProxy */ = {
			isa = PBXContainerItemProxy;
			containerPortal = 187EB212295AA4CA009752AB /* Project object */;
			proxyType = 1;
			remoteGlobalIDString = 187EB219295AA4CA009752AB;
			remoteInfo = SnapShare;
		};
/* End PBXContainerItemProxy section */

/* Begin PBXFileReference section */
		187EB21A295AA4CA009752AB /* SnapShare.app */ = {isa = PBXFileReference; explicitFileType = wrapper.application; includeInIndex = 0; path = SnapShare.app; sourceTree = BUILT_PRODUCTS_DIR; };
		187EB21D295AA4CA009752AB /* AppDelegate.swift */ = {isa = PBXFileReference; lastKnownFileType = sourcecode.swift; path = AppDelegate.swift; sourceTree = "<group>"; };
		187EB21F295AA4CA009752AB /* SceneDelegate.swift */ = {isa = PBXFileReference; lastKnownFileType = sourcecode.swift; path = SceneDelegate.swift; sourceTree = "<group>"; };
		187EB221295AA4CA009752AB /* ViewController.swift */ = {isa = PBXFileReference; lastKnownFileType = sourcecode.swift; path = ViewController.swift; sourceTree = "<group>"; };
		187EB224295AA4CA009752AB /* Base */ = {isa = PBXFileReference; lastKnownFileType = file.storyboard; name = Base; path = Base.lproj/Main.storyboard; sourceTree = "<group>"; };
		187EB227295AA4CA009752AB /* SnapShare.xcdatamodel */ = {isa = PBXFileReference; lastKnownFileType = wrapper.xcdatamodel; path = SnapShare.xcdatamodel; sourceTree = "<group>"; };
		187EB229295AA4CC009752AB /* Assets.xcassets */ = {isa = PBXFileReference; lastKnownFileType = folder.assetcatalog; path = Assets.xcassets; sourceTree = "<group>"; };
		187EB22C295AA4CC009752AB /* Base */ = {isa = PBXFileReference; lastKnownFileType = file.storyboard; name = Base; path = Base.lproj/LaunchScreen.storyboard; sourceTree = "<group>"; };
		187EB22E295AA4CC009752AB /* Info.plist */ = {isa = PBXFileReference; lastKnownFileType = text.plist.xml; path = Info.plist; sourceTree = "<group>"; };
		187EB233295AA4CD009752AB /* SnapShareTests.xctest */ = {isa = PBXFileReference; explicitFileType = wrapper.cfbundle; includeInIndex = 0; path = SnapShareTests.xctest; sourceTree = BUILT_PRODUCTS_DIR; };
		187EB237295AA4CD009752AB /* SnapShareTests.swift */ = {isa = PBXFileReference; lastKnownFileType = sourcecode.swift; path = SnapShareTests.swift; sourceTree = "<group>"; };
		187EB23D295AA4CD009752AB /* SnapShareUITests.xctest */ = {isa = PBXFileReference; explicitFileType = wrapper.cfbundle; includeInIndex = 0; path = SnapShareUITests.xctest; sourceTree = BUILT_PRODUCTS_DIR; };
		187EB241295AA4CD009752AB /* SnapShareUITests.swift */ = {isa = PBXFileReference; lastKnownFileType = sourcecode.swift; path = SnapShareUITests.swift; sourceTree = "<group>"; };
		187EB243295AA4CD009752AB /* SnapShareUITestsLaunchTests.swift */ = {isa = PBXFileReference; lastKnownFileType = sourcecode.swift; path = SnapShareUITestsLaunchTests.swift; sourceTree = "<group>"; };
/* End PBXFileReference section */

/* Begin PBXFrameworksBuildPhase section */
		187EB217295AA4CA009752AB /* Frameworks */ = {
			isa = PBXFrameworksBuildPhase;
			buildActionMask = 2147483647;
			files = (
			);
			runOnlyForDeploymentPostprocessing = 0;
		};
		187EB230295AA4CD009752AB /* Frameworks */ = {
			isa = PBXFrameworksBuildPhase;
			buildActionMask = 2147483647;
			files = (
			);
			runOnlyForDeploymentPostprocessing = 0;
		};
		187EB23A295AA4CD009752AB /* Frameworks */ = {
			isa = PBXFrameworksBuildPhase;
			buildActionMask = 2147483647;
			files = (
			);
			runOnlyForDeploymentPostprocessing = 0;
		};
/* End PBXFrameworksBuildPhase section */

/* Begin PBXGroup section */
		187EB211295AA4CA009752AB = {
			isa = PBXGroup;
			children = (
				187EB21C295AA4CA009752AB /* SnapShare */,
				187EB236295AA4CD009752AB /* SnapShareTests */,
				187EB240295AA4CD009752AB /* SnapShareUITests */,
				187EB21B295AA4CA009752AB /* Products */,
			);
			sourceTree = "<group>";
		};
		187EB21B295AA4CA009752AB /* Products */ = {
			isa = PBXGroup;
			children = (
				187EB21A295AA4CA009752AB /* SnapShare.app */,
				187EB233295AA4CD009752AB /* SnapShareTests.xctest */,
				187EB23D295AA4CD009752AB /* SnapShareUITests.xctest */,
			);
			name = Products;
			sourceTree = "<group>";
		};
		187EB21C295AA4CA009752AB /* SnapShare */ = {
			isa = PBXGroup;
			children = (
				187EB21D295AA4CA009752AB /* AppDelegate.swift */,
				187EB21F295AA4CA009752AB /* SceneDelegate.swift */,
				187EB221295AA4CA009752AB /* ViewController.swift */,
				187EB223295AA4CA009752AB /* Main.storyboard */,
				187EB229295AA4CC009752AB /* Assets.xcassets */,
				187EB22B295AA4CC009752AB /* LaunchScreen.storyboard */,
				187EB22E295AA4CC009752AB /* Info.plist */,
				187EB226295AA4CA009752AB /* SnapShare.xcdatamodeld */,
			);
			path = SnapShare;
			sourceTree = "<group>";
		};
		187EB236295AA4CD009752AB /* SnapShareTests */ = {
			isa = PBXGroup;
			children = (
				187EB237295AA4CD009752AB /* SnapShareTests.swift */,
			);
			path = SnapShareTests;
			sourceTree = "<group>";
		};
		187EB240295AA4CD009752AB /* SnapShareUITests */ = {
			isa = PBXGroup;
			children = (
				187EB241295AA4CD009752AB /* SnapShareUITests.swift */,
				187EB243295AA4CD009752AB /* SnapShareUITestsLaunchTests.swift */,
			);
			path = SnapShareUITests;
			sourceTree = "<group>";
		};
/* End PBXGroup section */

/* Begin PBXNativeTarget section */
		187EB219295AA4CA009752AB /* SnapShare */ = {
			isa = PBXNativeTarget;
			buildConfigurationList = 187EB247295AA4CD009752AB /* Build configuration list for PBXNativeTarget "SnapShare" */;
			buildPhases = (
				187EB216295AA4CA009752AB /* Sources */,
				187EB217295AA4CA009752AB /* Frameworks */,
				187EB218295AA4CA009752AB /* Resources */,
			);
			buildRules = (
			);
			dependencies = (
			);
			name = SnapShare;
			productName = SnapShare;
			productReference = 187EB21A295AA4CA009752AB /* SnapShare.app */;
			productType = "com.apple.product-type.application";
		};
		187EB232295AA4CD009752AB /* SnapShareTests */ = {
			isa = PBXNativeTarget;
			buildConfigurationList = 187EB24A295AA4CD009752AB /* Build configuration list for PBXNativeTarget "SnapShareTests" */;
			buildPhases = (
				187EB22F295AA4CD009752AB /* Sources */,
				187EB230295AA4CD009752AB /* Frameworks */,
				187EB231295AA4CD009752AB /* Resources */,
			);
			buildRules = (
			);
			dependencies = (
				187EB235295AA4CD009752AB /* PBXTargetDependency */,
			);
			name = SnapShareTests;
			productName = SnapShareTests;
			productReference = 187EB233295AA4CD009752AB /* SnapShareTests.xctest */;
			productType = "com.apple.product-type.bundle.unit-test";
		};
		187EB23C295AA4CD009752AB /* SnapShareUITests */ = {
			isa = PBXNativeTarget;
			buildConfigurationList = 187EB24D295AA4CD009752AB /* Build configuration list for PBXNativeTarget "SnapShareUITests" */;
			buildPhases = (
				187EB239295AA4CD009752AB /* Sources */,
				187EB23A295AA4CD009752AB /* Frameworks */,
				187EB23B295AA4CD009752AB /* Resources */,
			);
			buildRules = (
			);
			dependencies = (
				187EB23F295AA4CD009752AB /* PBXTargetDependency */,
			);
			name = SnapShareUITests;
			productName = SnapShareUITests;
			productReference = 187EB23D295AA4CD009752AB /* SnapShareUITests.xctest */;
			productType = "com.apple.product-type.bundle.ui-testing";
		};
/* End PBXNativeTarget section */

/* Begin PBXProject section */
		187EB212295AA4CA009752AB /* Project object */ = {
			isa = PBXProject;
			attributes = {
				BuildIndependentTargetsInParallel = 1;
				LastSwiftUpdateCheck = 1410;
				LastUpgradeCheck = 1410;
				TargetAttributes = {
					187EB219295AA4CA009752AB = {
						CreatedOnToolsVersion = 14.1;
					};
					187EB232295AA4CD009752AB = {
						CreatedOnToolsVersion = 14.1;
						TestTargetID = 187EB219295AA4CA009752AB;
					};
					187EB23C295AA4CD009752AB = {
						CreatedOnToolsVersion = 14.1;
						TestTargetID = 187EB219295AA4CA009752AB;
					};
				};
			};
			buildConfigurationList = 187EB215295AA4CA009752AB /* Build configuration list for PBXProject "SnapShare" */;
			compatibilityVersion = "Xcode 14.0";
			developmentRegion = en;
			hasScannedForEncodings = 0;
			knownRegions = (
				en,
				Base,
			);
			mainGroup = 187EB211295AA4CA009752AB;
			productRefGroup = 187EB21B295AA4CA009752AB /* Products */;
			projectDirPath = "";
			projectRoot = "";
			targets = (
				187EB219295AA4CA009752AB /* SnapShare */,
				187EB232295AA4CD009752AB /* SnapShareTests */,
				187EB23C295AA4CD009752AB /* SnapShareUITests */,
			);
		};
/* End PBXProject section */

/* Begin PBXResourcesBuildPhase section */
		187EB218295AA4CA009752AB /* Resources */ = {
			isa = PBXResourcesBuildPhase;
			buildActionMask = 2147483647;
			files = (
				187EB22D295AA4CC009752AB /* LaunchScreen.storyboard in Resources */,
				187EB22A295AA4CC009752AB /* Assets.xcassets in Resources */,
				187EB225295AA4CA009752AB /* Main.storyboard in Resources */,
			);
			runOnlyForDeploymentPostprocessing = 0;
		};
		187EB231295AA4CD009752AB /* Resources */ = {
			isa = PBXResourcesBuildPhase;
			buildActionMask = 2147483647;
			files = (
			);
			runOnlyForDeploymentPostprocessing = 0;
		};
		187EB23B295AA4CD009752AB /* Resources */ = {
			isa = PBXResourcesBuildPhase;
			buildActionMask = 2147483647;
			files = (
			);
			runOnlyForDeploymentPostprocessing = 0;
		};
/* End PBXResourcesBuildPhase section */

/* Begin PBXSourcesBuildPhase section */
		187EB216295AA4CA009752AB /* Sources */ = {
			isa = PBXSourcesBuildPhase;
			buildActionMask = 2147483647;
			files = (
				187EB222295AA4CA009752AB /* ViewController.swift in Sources */,
				187EB21E295AA4CA009752AB /* AppDelegate.swift in Sources */,
				187EB220295AA4CA009752AB /* SceneDelegate.swift in Sources */,
				187EB228295AA4CA009752AB /* SnapShare.xcdatamodeld in Sources */,
			);
			runOnlyForDeploymentPostprocessing = 0;
		};
		187EB22F295AA4CD009752AB /* Sources */ = {
			isa = PBXSourcesBuildPhase;
			buildActionMask = 2147483647;
			files = (
				187EB238295AA4CD009752AB /* SnapShareTests.swift in Sources */,
			);
			runOnlyForDeploymentPostprocessing = 0;
		};
		187EB239295AA4CD009752AB /* Sources */ = {
			isa = PBXSourcesBuildPhase;
			buildActionMask = 2147483647;
			files = (
				187EB244295AA4CD009752AB /* SnapShareUITestsLaunchTests.swift in Sources */,
				187EB242295AA4CD009752AB /* SnapShareUITests.swift in Sources */,
			);
			runOnlyForDeploymentPostprocessing = 0;
		};
/* End PBXSourcesBuildPhase section */

/* Begin PBXTargetDependency section */
		187EB235295AA4CD009752AB /* PBXTargetDependency */ = {
			isa = PBXTargetDependency;
			target = 187EB219295AA4CA009752AB /* SnapShare */;
			targetProxy = 187EB234295AA4CD009752AB /* PBXContainerItemProxy */;
		};
		187EB23F295AA4CD009752AB /* PBXTargetDependency */ = {
			isa = PBXTargetDependency;
			target = 187EB219295AA4CA009752AB /* SnapShare */;
			targetProxy = 187EB23E295AA4CD009752AB /* PBXContainerItemProxy */;
		};
/* End PBXTargetDependency section */

/* Begin PBXVariantGroup section */
		187EB223295AA4CA009752AB /* Main.storyboard */ = {
			isa = PBXVariantGroup;
			children = (
				187EB224295AA4CA009752AB /* Base */,
			);
			name = Main.storyboard;
			sourceTree = "<group>";
		};
		187EB22B295AA4CC009752AB /* LaunchScreen.storyboard */ = {
			isa = PBXVariantGroup;
			children = (
				187EB22C295AA4CC009752AB /* Base */,
			);
			name = LaunchScreen.storyboard;
			sourceTree = "<group>";
		};
/* End PBXVariantGroup section */

/* Begin XCBuildConfiguration section */
		187EB245295AA4CD009752AB /* Debug */ = {
			isa = XCBuildConfiguration;
			buildSettings = {
				ALWAYS_SEARCH_USER_PATHS = NO;
				CLANG_ANALYZER_NONNULL = YES;
				CLANG_ANALYZER_NUMBER_OBJECT_CONVERSION = YES_AGGRESSIVE;
				CLANG_CXX_LANGUAGE_STANDARD = "gnu++20";
				CLANG_ENABLE_MODULES = YES;
				CLANG_ENABLE_OBJC_ARC = YES;
				CLANG_ENABLE_OBJC_WEAK = YES;
				CLANG_WARN_BLOCK_CAPTURE_AUTORELEASING = YES;
				CLANG_WARN_BOOL_CONVERSION = YES;
				CLANG_WARN_COMMA = YES;
				CLANG_WARN_CONSTANT_CONVERSION = YES;
				CLANG_WARN_DEPRECATED_OBJC_IMPLEMENTATIONS = YES;
				CLANG_WARN_DIRECT_OBJC_ISA_USAGE = YES_ERROR;
				CLANG_WARN_DOCUMENTATION_COMMENTS = YES;
				CLANG_WARN_EMPTY_BODY = YES;
				CLANG_WARN_ENUM_CONVERSION = YES;
				CLANG_WARN_INFINITE_RECURSION = YES;
				CLANG_WARN_INT_CONVERSION = YES;
				CLANG_WARN_NON_LITERAL_NULL_CONVERSION = YES;
				CLANG_WARN_OBJC_IMPLICIT_RETAIN_SELF = YES;
				CLANG_WARN_OBJC_LITERAL_CONVERSION = YES;
				CLANG_WARN_OBJC_ROOT_CLASS = YES_ERROR;
				CLANG_WARN_QUOTED_INCLUDE_IN_FRAMEWORK_HEADER = YES;
				CLANG_WARN_RANGE_LOOP_ANALYSIS = YES;
				CLANG_WARN_STRICT_PROTOTYPES = YES;
				CLANG_WARN_SUSPICIOUS_MOVE = YES;
				CLANG_WARN_UNGUARDED_AVAILABILITY = YES_AGGRESSIVE;
				CLANG_WARN_UNREACHABLE_CODE = YES;
				CLANG_WARN__DUPLICATE_METHOD_MATCH = YES;
				COPY_PHASE_STRIP = NO;
				DEBUG_INFORMATION_FORMAT = dwarf;
				ENABLE_STRICT_OBJC_MSGSEND = YES;
				ENABLE_TESTABILITY = YES;
				GCC_C_LANGUAGE_STANDARD = gnu11;
				GCC_DYNAMIC_NO_PIC = NO;
				GCC_NO_COMMON_BLOCKS = YES;
				GCC_OPTIMIZATION_LEVEL = 0;
				GCC_PREPROCESSOR_DEFINITIONS = (
					"DEBUG=1",
					"$(inherited)",
				);
				GCC_WARN_64_TO_32_BIT_CONVERSION = YES;
				GCC_WARN_ABOUT_RETURN_TYPE = YES_ERROR;
				GCC_WARN_UNDECLARED_SELECTOR = YES;
				GCC_WARN_UNINITIALIZED_AUTOS = YES_AGGRESSIVE;
				GCC_WARN_UNUSED_FUNCTION = YES;
				GCC_WARN_UNUSED_VARIABLE = YES;
				IPHONEOS_DEPLOYMENT_TARGET = 16.1;
				MTL_ENABLE_DEBUG_INFO = INCLUDE_SOURCE;
				MTL_FAST_MATH = YES;
				ONLY_ACTIVE_ARCH = YES;
				SDKROOT = iphoneos;
				SWIFT_ACTIVE_COMPILATION_CONDITIONS = DEBUG;
				SWIFT_OPTIMIZATION_LEVEL = "-Onone";
			};
			name = Debug;
		};
		187EB246295AA4CD009752AB /* Release */ = {
			isa = XCBuildConfiguration;
			buildSettings = {
				ALWAYS_SEARCH_USER_PATHS = NO;
				CLANG_ANALYZER_NONNULL = YES;
				CLANG_ANALYZER_NUMBER_OBJECT_CONVERSION = YES_AGGRESSIVE;
				CLANG_CXX_LANGUAGE_STANDARD = "gnu++20";
				CLANG_ENABLE_MODULES = YES;
				CLANG_ENABLE_OBJC_ARC = YES;
				CLANG_ENABLE_OBJC_WEAK = YES;
				CLANG_WARN_BLOCK_CAPTURE_AUTORELEASING = YES;
				CLANG_WARN_BOOL_CONVERSION = YES;
				CLANG_WARN_COMMA = YES;
				CLANG_WARN_CONSTANT_CONVERSION = YES;
				CLANG_WARN_DEPRECATED_OBJC_IMPLEMENTATIONS = YES;
				CLANG_WARN_DIRECT_OBJC_ISA_USAGE = YES_ERROR;
				CLANG_WARN_DOCUMENTATION_COMMENTS = YES;
				CLANG_WARN_EMPTY_BODY = YES;
				CLANG_WARN_ENUM_CONVERSION = YES;
				CLANG_WARN_INFINITE_RECURSION = YES;
				CLANG_WARN_INT_CONVERSION = YES;
				CLANG_WARN_NON_LITERAL_NULL_CONVERSION = YES;
				CLANG_WARN_OBJC_IMPLICIT_RETAIN_SELF = YES;
				CLANG_WARN_OBJC_LITERAL_CONVERSION = YES;
				CLANG_WARN_OBJC_ROOT_CLASS = YES_ERROR;
				CLANG_WARN_QUOTED_INCLUDE_IN_FRAMEWORK_HEADER = YES;
				CLANG_WARN_RANGE_LOOP_ANALYSIS = YES;
				CLANG_WARN_STRICT_PROTOTYPES = YES;
				CLANG_WARN_SUSPICIOUS_MOVE = YES;
				CLANG_WARN_UNGUARDED_AVAILABILITY = YES_AGGRESSIVE;
				CLANG_WARN_UNREACHABLE_CODE = YES;
				CLANG_WARN__DUPLICATE_METHOD_MATCH = YES;
				COPY_PHASE_STRIP = NO;
				DEBUG_INFORMATION_FORMAT = "dwarf-with-dsym";
				ENABLE_NS_ASSERTIONS = NO;
				ENABLE_STRICT_OBJC_MSGSEND = YES;
				GCC_C_LANGUAGE_STANDARD = gnu11;
				GCC_NO_COMMON_BLOCKS = YES;
				GCC_WARN_64_TO_32_BIT_CONVERSION = YES;
				GCC_WARN_ABOUT_RETURN_TYPE = YES_ERROR;
				GCC_WARN_UNDECLARED_SELECTOR = YES;
				GCC_WARN_UNINITIALIZED_AUTOS = YES_AGGRESSIVE;
				GCC_WARN_UNUSED_FUNCTION = YES;
				GCC_WARN_UNUSED_VARIABLE = YES;
				IPHONEOS_DEPLOYMENT_TARGET = 16.1;
				MTL_ENABLE_DEBUG_INFO = NO;
				MTL_FAST_MATH = YES;
				SDKROOT = iphoneos;
				SWIFT_COMPILATION_MODE = wholemodule;
				SWIFT_OPTIMIZATION_LEVEL = "-O";
				VALIDATE_PRODUCT = YES;
			};
			name = Release;
		};
		187EB248295AA4CD009752AB /* Debug */ = {
			isa = XCBuildConfiguration;
			buildSettings = {
				ASSETCATALOG_COMPILER_APPICON_NAME = AppIcon;
				ASSETCATALOG_COMPILER_GLOBAL_ACCENT_COLOR_NAME = AccentColor;
				CODE_SIGN_STYLE = Automatic;
				CURRENT_PROJECT_VERSION = 1;
				DEVELOPMENT_TEAM = 6VGWYDBQ54;
				GENERATE_INFOPLIST_FILE = YES;
				INFOPLIST_FILE = SnapShare/Info.plist;
				INFOPLIST_KEY_UIApplicationSupportsIndirectInputEvents = YES;
				INFOPLIST_KEY_UILaunchStoryboardName = LaunchScreen;
				INFOPLIST_KEY_UIMainStoryboardFile = Main;
				INFOPLIST_KEY_UISupportedInterfaceOrientations_iPad = "UIInterfaceOrientationPortrait UIInterfaceOrientationPortraitUpsideDown UIInterfaceOrientationLandscapeLeft UIInterfaceOrientationLandscapeRight";
				INFOPLIST_KEY_UISupportedInterfaceOrientations_iPhone = "UIInterfaceOrientationPortrait UIInterfaceOrientationLandscapeLeft UIInterfaceOrientationLandscapeRight";
				LD_RUNPATH_SEARCH_PATHS = (
					"$(inherited)",
					"@executable_path/Frameworks",
				);
				MARKETING_VERSION = 1.0;
				PRODUCT_BUNDLE_IDENTIFIER = JOTECH.SnapShare;
				PRODUCT_NAME = "$(TARGET_NAME)";
				SWIFT_EMIT_LOC_STRINGS = YES;
				SWIFT_VERSION = 5.0;
				TARGETED_DEVICE_FAMILY = "1,2";
			};
			name = Debug;
		};
		187EB249295AA4CD009752AB /* Release */ = {
			isa = XCBuildConfiguration;
			buildSettings = {
				ASSETCATALOG_COMPILER_APPICON_NAME = AppIcon;
				ASSETCATALOG_COMPILER_GLOBAL_ACCENT_COLOR_NAME = AccentColor;
				CODE_SIGN_STYLE = Automatic;
				CURRENT_PROJECT_VERSION = 1;
				DEVELOPMENT_TEAM = 6VGWYDBQ54;
				GENERATE_INFOPLIST_FILE = YES;
				INFOPLIST_FILE = SnapShare/Info.plist;
				INFOPLIST_KEY_UIApplicationSupportsIndirectInputEvents = YES;
				INFOPLIST_KEY_UILaunchStoryboardName = LaunchScreen;
				INFOPLIST_KEY_UIMainStoryboardFile = Main;
				INFOPLIST_KEY_UISupportedInterfaceOrientations_iPad = "UIInterfaceOrientationPortrait UIInterfaceOrientationPortraitUpsideDown UIInterfaceOrientationLandscapeLeft UIInterfaceOrientationLandscapeRight";
				INFOPLIST_KEY_UISupportedInterfaceOrientations_iPhone = "UIInterfaceOrientationPortrait UIInterfaceOrientationLandscapeLeft UIInterfaceOrientationLandscapeRight";
				LD_RUNPATH_SEARCH_PATHS = (
					"$(inherited)",
					"@executable_path/Frameworks",
				);
				MARKETING_VERSION = 1.0;
				PRODUCT_BUNDLE_IDENTIFIER = JOTECH.SnapShare;
				PRODUCT_NAME = "$(TARGET_NAME)";
				SWIFT_EMIT_LOC_STRINGS = YES;
				SWIFT_VERSION = 5.0;
				TARGETED_DEVICE_FAMILY = "1,2";
			};
			name = Release;
		};
		187EB24B295AA4CD009752AB /* Debug */ = {
			isa = XCBuildConfiguration;
			buildSettings = {
				ALWAYS_EMBED_SWIFT_STANDARD_LIBRARIES = YES;
				BUNDLE_LOADER = "$(TEST_HOST)";
				CODE_SIGN_STYLE = Automatic;
				CURRENT_PROJECT_VERSION = 1;
				DEVELOPMENT_TEAM = 6VGWYDBQ54;
				GENERATE_INFOPLIST_FILE = YES;
				IPHONEOS_DEPLOYMENT_TARGET = 16.1;
				MARKETING_VERSION = 1.0;
				PRODUCT_BUNDLE_IDENTIFIER = JOTECH.SnapShareTests;
				PRODUCT_NAME = "$(TARGET_NAME)";
				SWIFT_EMIT_LOC_STRINGS = NO;
				SWIFT_VERSION = 5.0;
				TARGETED_DEVICE_FAMILY = "1,2";
				TEST_HOST = "$(BUILT_PRODUCTS_DIR)/SnapShare.app/$(BUNDLE_EXECUTABLE_FOLDER_PATH)/SnapShare";
			};
			name = Debug;
		};
		187EB24C295AA4CD009752AB /* Release */ = {
			isa = XCBuildConfiguration;
			buildSettings = {
				ALWAYS_EMBED_SWIFT_STANDARD_LIBRARIES = YES;
				BUNDLE_LOADER = "$(TEST_HOST)";
				CODE_SIGN_STYLE = Automatic;
				CURRENT_PROJECT_VERSION = 1;
				DEVELOPMENT_TEAM = 6VGWYDBQ54;
				GENERATE_INFOPLIST_FILE = YES;
				IPHONEOS_DEPLOYMENT_TARGET = 16.1;
				MARKETING_VERSION = 1.0;
				PRODUCT_BUNDLE_IDENTIFIER = JOTECH.SnapShareTests;
				PRODUCT_NAME = "$(TARGET_NAME)";
				SWIFT_EMIT_LOC_STRINGS = NO;
				SWIFT_VERSION = 5.0;
				TARGETED_DEVICE_FAMILY = "1,2";
				TEST_HOST = "$(BUILT_PRODUCTS_DIR)/SnapShare.app/$(BUNDLE_EXECUTABLE_FOLDER_PATH)/SnapShare";
			};
			name = Release;
		};
		187EB24E295AA4CD009752AB /* Debug */ = {
			isa = XCBuildConfiguration;
			buildSettings = {
				ALWAYS_EMBED_SWIFT_STANDARD_LIBRARIES = YES;
				CODE_SIGN_STYLE = Automatic;
				CURRENT_PROJECT_VERSION = 1;
				DEVELOPMENT_TEAM = 6VGWYDBQ54;
				GENERATE_INFOPLIST_FILE = YES;
				MARKETING_VERSION = 1.0;
				PRODUCT_BUNDLE_IDENTIFIER = JOTECH.SnapShareUITests;
				PRODUCT_NAME = "$(TARGET_NAME)";
				SWIFT_EMIT_LOC_STRINGS = NO;
				SWIFT_VERSION = 5.0;
				TARGETED_DEVICE_FAMILY = "1,2";
				TEST_TARGET_NAME = SnapShare;
			};
			name = Debug;
		};
		187EB24F295AA4CD009752AB /* Release */ = {
			isa = XCBuildConfiguration;
			buildSettings = {
				ALWAYS_EMBED_SWIFT_STANDARD_LIBRARIES = YES;
				CODE_SIGN_STYLE = Automatic;
				CURRENT_PROJECT_VERSION = 1;
				DEVELOPMENT_TEAM = 6VGWYDBQ54;
				GENERATE_INFOPLIST_FILE = YES;
				MARKETING_VERSION = 1.0;
				PRODUCT_BUNDLE_IDENTIFIER = JOTECH.SnapShareUITests;
				PRODUCT_NAME = "$(TARGET_NAME)";
				SWIFT_EMIT_LOC_STRINGS = NO;
				SWIFT_VERSION = 5.0;
				TARGETED_DEVICE_FAMILY = "1,2";
				TEST_TARGET_NAME = SnapShare;
			};
			name = Release;
		};
/* End XCBuildConfiguration section */

/* Begin XCConfigurationList section */
		187EB215295AA4CA009752AB /* Build configuration list for PBXProject "SnapShare" */ = {
			isa = XCConfigurationList;
			buildConfigurations = (
				187EB245295AA4CD009752AB /* Debug */,
				187EB246295AA4CD009752AB /* Release */,
			);
			defaultConfigurationIsVisible = 0;
			defaultConfigurationName = Release;
		};
		187EB247295AA4CD009752AB /* Build configuration list for PBXNativeTarget "SnapShare" */ = {
			isa = XCConfigurationList;
			buildConfigurations = (
				187EB248295AA4CD009752AB /* Debug */,
				187EB249295AA4CD009752AB /* Release */,
			);
			defaultConfigurationIsVisible = 0;
			defaultConfigurationName = Release;
		};
		187EB24A295AA4CD009752AB /* Build configuration list for PBXNativeTarget "SnapShareTests" */ = {
			isa = XCConfigurationList;
			buildConfigurations = (
				187EB24B295AA4CD009752AB /* Debug */,
				187EB24C295AA4CD009752AB /* Release */,
			);
			defaultConfigurationIsVisible = 0;
			defaultConfigurationName = Release;
		};
		187EB24D295AA4CD009752AB /* Build configuration list for PBXNativeTarget "SnapShareUITests" */ = {
			isa = XCConfigurationList;
			buildConfigurations = (
				187EB24E295AA4CD009752AB /* Debug */,
				187EB24F295AA4CD009752AB /* Release */,
			);
			defaultConfigurationIsVisible = 0;
			defaultConfigurationName = Release;
		};
/* End XCConfigurationList section */

/* Begin XCVersionGroup section */
		187EB226295AA4CA009752AB /* SnapShare.xcdatamodeld */ = {
			isa = XCVersionGroup;
			children = (
				187EB227295AA4CA009752AB /* SnapShare.xcdatamodel */,
			);
			currentVersion = 187EB227295AA4CA009752AB /* SnapShare.xcdatamodel */;
			path = SnapShare.xcdatamodeld;
			sourceTree = "<group>";
			versionGroupType = wrapper.xcdatamodel;
		};
/* End XCVersionGroup section */
	};
	rootObject = 187EB212295AA4CA009752AB /* Project object */;
}
